
Microsoft Visual Studio Solution File, Format Version 12.00
# Visual Studio Version 16
VisualStudioVersion = 16.0.28803.202
MinimumVisualStudioVersion = 10.0.40219.1
Project("{FAE04EC0-301F-11D3-BF4B-00C04F79EFBC}") = "PaaS", "PaaS\PaaS.csproj", "{F45DE9E3-6F4B-41C0-AE33-95D1B6FE399D}"
EndProject
Global
	GlobalSection(SolutionConfigurationPlatforms) = preSolution
		Debug|Any CPU = Debug|Any CPU
		Release|Any CPU = Release|Any CPU
	EndGlobalSection
	GlobalSection(ProjectConfigurationPlatforms) = postSolution
		{F45DE9E3-6F4B-41C0-AE33-95D1B6FE399D}.Debug|Any CPU.ActiveCfg = Debug|Any CPU
		{F45DE9E3-6F4B-41C0-AE33-95D1B6FE399D}.Debug|Any CPU.Build.0 = Debug|Any CPU
		{F45DE9E3-6F4B-41C0-AE33-95D1B6FE399D}.Release|Any CPU.ActiveCfg = Release|Any CPU
		{F45DE9E3-6F4B-41C0-AE33-95D1B6FE399D}.Release|Any CPU.Build.0 = Release|Any CPU
	EndGlobalSection
	GlobalSection(SolutionProperties) = preSolution
		HideSolutionNode = FALSE
	EndGlobalSection
	GlobalSection(ExtensibilityGlobals) = postSolution
		SolutionGuid = {5900B130-14EC-451D-AA1B-4533158FAA78}
	EndGlobalSection
EndGlobal
